// !$*UTF8*$!
{
	archiveVersion = 1;
	classes = {
	};
	objectVersion = 52;
	objects = {

/* Begin PBXBuildFile section */
		9C4AF83024F4550F00284CAC /* AppDelegate.swift in Sources */ = {isa = PBXBuildFile; fileRef = 9C4AF82F24F4550F00284CAC /* AppDelegate.swift */; };
		9C4AF83224F4550F00284CAC /* SceneDelegate.swift in Sources */ = {isa = PBXBuildFile; fileRef = 9C4AF83124F4550F00284CAC /* SceneDelegate.swift */; };
		9C4AF83424F4550F00284CAC /* ContentView.swift in Sources */ = {isa = PBXBuildFile; fileRef = 9C4AF83324F4550F00284CAC /* ContentView.swift */; };
		9C4AF83624F4551200284CAC /* Assets.xcassets in Resources */ = {isa = PBXBuildFile; fileRef = 9C4AF83524F4551200284CAC /* Assets.xcassets */; };
		9C4AF83924F4551200284CAC /* Preview Assets.xcassets in Resources */ = {isa = PBXBuildFile; fileRef = 9C4AF83824F4551200284CAC /* Preview Assets.xcassets */; };
		9C4AF83C24F4551200284CAC /* LaunchScreen.storyboard in Resources */ = {isa = PBXBuildFile; fileRef = 9C4AF83A24F4551200284CAC /* LaunchScreen.storyboard */; };
		9C4AF84524F4607C00284CAC /* Down in Frameworks */ = {isa = PBXBuildFile; productRef = 9C4AF84424F4607C00284CAC /* Down */; };
		9C4AF84824F460A400284CAC /* Ink in Frameworks */ = {isa = PBXBuildFile; productRef = 9C4AF84724F460A400284CAC /* Ink */; };
		9C4AF84B24F460C000284CAC /* NotenikUtils in Frameworks */ = {isa = PBXBuildFile; productRef = 9C4AF84A24F460C000284CAC /* NotenikUtils */; };
		9C4AF84E24F460E500284CAC /* NotenikTextile in Frameworks */ = {isa = PBXBuildFile; productRef = 9C4AF84D24F460E500284CAC /* NotenikTextile */; };
		9C4AF85124F4610600284CAC /* NotenikMkdown in Frameworks */ = {isa = PBXBuildFile; productRef = 9C4AF85024F4610600284CAC /* NotenikMkdown */; };
		9C4AF85424F4613300284CAC /* NotenikLib in Frameworks */ = {isa = PBXBuildFile; productRef = 9C4AF85324F4613300284CAC /* NotenikLib */; };
/* End PBXBuildFile section */

/* Begin PBXFileReference section */
		9C2F96BF24F4693F00C4B8A2 /* NotenikUtils */ = {isa = PBXFileReference; lastKnownFileType = folder; name = NotenikUtils; path = ../NotenikUtils; sourceTree = "<group>"; };
		9C2F96C024F4695E00C4B8A2 /* NotenikTextile */ = {isa = PBXFileReference; lastKnownFileType = folder; name = NotenikTextile; path = ../NotenikTextile; sourceTree = "<group>"; };
		9C2F96C124F4696E00C4B8A2 /* NotenikMkdown */ = {isa = PBXFileReference; lastKnownFileType = folder; name = NotenikMkdown; path = ../NotenikMkdown; sourceTree = "<group>"; };
		9C2F96C224F4697D00C4B8A2 /* NotenikLib */ = {isa = PBXFileReference; lastKnownFileType = folder; name = NotenikLib; path = ../NotenikLib; sourceTree = "<group>"; };
		9C4AF82C24F4550F00284CAC /* NotenikSwiftUI.app */ = {isa = PBXFileReference; explicitFileType = wrapper.application; includeInIndex = 0; path = NotenikSwiftUI.app; sourceTree = BUILT_PRODUCTS_DIR; };
		9C4AF82F24F4550F00284CAC /* AppDelegate.swift */ = {isa = PBXFileReference; lastKnownFileType = sourcecode.swift; path = AppDelegate.swift; sourceTree = "<group>"; };
		9C4AF83124F4550F00284CAC /* SceneDelegate.swift */ = {isa = PBXFileReference; lastKnownFileType = sourcecode.swift; path = SceneDelegate.swift; sourceTree = "<group>"; };
		9C4AF83324F4550F00284CAC /* ContentView.swift */ = {isa = PBXFileReference; lastKnownFileType = sourcecode.swift; path = ContentView.swift; sourceTree = "<group>"; };
		9C4AF83524F4551200284CAC /* Assets.xcassets */ = {isa = PBXFileReference; lastKnownFileType = folder.assetcatalog; path = Assets.xcassets; sourceTree = "<group>"; };
		9C4AF83824F4551200284CAC /* Preview Assets.xcassets */ = {isa = PBXFileReference; lastKnownFileType = folder.assetcatalog; path = "Preview Assets.xcassets"; sourceTree = "<group>"; };
		9C4AF83B24F4551200284CAC /* Base */ = {isa = PBXFileReference; lastKnownFileType = file.storyboard; name = Base; path = Base.lproj/LaunchScreen.storyboard; sourceTree = "<group>"; };
		9C4AF83D24F4551200284CAC /* Info.plist */ = {isa = PBXFileReference; lastKnownFileType = text.plist.xml; path = Info.plist; sourceTree = "<group>"; };
/* End PBXFileReference section */

/* Begin PBXFrameworksBuildPhase section */
		9C4AF82924F4550F00284CAC /* Frameworks */ = {
			isa = PBXFrameworksBuildPhase;
			buildActionMask = 2147483647;
			files = (
				9C4AF84524F4607C00284CAC /* Down in Frameworks */,
				9C4AF84E24F460E500284CAC /* NotenikTextile in Frameworks */,
				9C4AF85124F4610600284CAC /* NotenikMkdown in Frameworks */,
				9C4AF85424F4613300284CAC /* NotenikLib in Frameworks */,
				9C4AF84824F460A400284CAC /* Ink in Frameworks */,
				9C4AF84B24F460C000284CAC /* NotenikUtils in Frameworks */,
			);
			runOnlyForDeploymentPostprocessing = 0;
		};
/* End PBXFrameworksBuildPhase section */

/* Begin PBXGroup section */
		9C4AF82324F4550F00284CAC = {
			isa = PBXGroup;
			children = (
				9C4AF82E24F4550F00284CAC /* NotenikSwiftUI */,
				9C4AF82D24F4550F00284CAC /* Products */,
				9C2F96C224F4697D00C4B8A2 /* NotenikLib */,
				9C2F96C124F4696E00C4B8A2 /* NotenikMkdown */,
				9C2F96C024F4695E00C4B8A2 /* NotenikTextile */,
				9C2F96BF24F4693F00C4B8A2 /* NotenikUtils */,
			);
			sourceTree = "<group>";
		};
		9C4AF82D24F4550F00284CAC /* Products */ = {
			isa = PBXGroup;
			children = (
				9C4AF82C24F4550F00284CAC /* NotenikSwiftUI.app */,
			);
			name = Products;
			sourceTree = "<group>";
		};
		9C4AF82E24F4550F00284CAC /* NotenikSwiftUI */ = {
			isa = PBXGroup;
			children = (
				9C4AF82F24F4550F00284CAC /* AppDelegate.swift */,
				9C4AF83124F4550F00284CAC /* SceneDelegate.swift */,
				9C4AF83324F4550F00284CAC /* ContentView.swift */,
				9C4AF83524F4551200284CAC /* Assets.xcassets */,
				9C4AF83A24F4551200284CAC /* LaunchScreen.storyboard */,
				9C4AF83D24F4551200284CAC /* Info.plist */,
				9C4AF83724F4551200284CAC /* Preview Content */,
			);
			path = NotenikSwiftUI;
			sourceTree = "<group>";
		};
		9C4AF83724F4551200284CAC /* Preview Content */ = {
			isa = PBXGroup;
			children = (
				9C4AF83824F4551200284CAC /* Preview Assets.xcassets */,
			);
			path = "Preview Content";
			sourceTree = "<group>";
		};
/* End PBXGroup section */

/* Begin PBXNativeTarget section */
		9C4AF82B24F4550F00284CAC /* NotenikSwiftUI */ = {
			isa = PBXNativeTarget;
			buildConfigurationList = 9C4AF84024F4551200284CAC /* Build configuration list for PBXNativeTarget "NotenikSwiftUI" */;
			buildPhases = (
				9C4AF82824F4550F00284CAC /* Sources */,
				9C4AF82924F4550F00284CAC /* Frameworks */,
				9C4AF82A24F4550F00284CAC /* Resources */,
			);
			buildRules = (
			);
			dependencies = (
			);
			name = NotenikSwiftUI;
			packageProductDependencies = (
				9C4AF84424F4607C00284CAC /* Down */,
				9C4AF84724F460A400284CAC /* Ink */,
				9C4AF84A24F460C000284CAC /* NotenikUtils */,
				9C4AF84D24F460E500284CAC /* NotenikTextile */,
				9C4AF85024F4610600284CAC /* NotenikMkdown */,
				9C4AF85324F4613300284CAC /* NotenikLib */,
			);
			productName = NotenikSwiftUI;
			productReference = 9C4AF82C24F4550F00284CAC /* NotenikSwiftUI.app */;
			productType = "com.apple.product-type.application";
		};
/* End PBXNativeTarget section */

/* Begin PBXProject section */
		9C4AF82424F4550F00284CAC /* Project object */ = {
			isa = PBXProject;
			attributes = {
				LastSwiftUpdateCheck = 1160;
				LastUpgradeCheck = 1160;
				ORGANIZATIONNAME = "PowerSurge Publishing";
				TargetAttributes = {
					9C4AF82B24F4550F00284CAC = {
						CreatedOnToolsVersion = 11.6;
					};
				};
			};
			buildConfigurationList = 9C4AF82724F4550F00284CAC /* Build configuration list for PBXProject "NotenikSwiftUI" */;
			compatibilityVersion = "Xcode 9.3";
			developmentRegion = en;
			hasScannedForEncodings = 0;
			knownRegions = (
				en,
				Base,
			);
			mainGroup = 9C4AF82324F4550F00284CAC;
			packageReferences = (
				9C4AF84324F4607C00284CAC /* XCRemoteSwiftPackageReference "Down" */,
				9C4AF84624F460A400284CAC /* XCRemoteSwiftPackageReference "Ink" */,
				9C4AF84924F460C000284CAC /* XCRemoteSwiftPackageReference "NotenikUtils" */,
				9C4AF84C24F460E500284CAC /* XCRemoteSwiftPackageReference "NotenikTextile" */,
				9C4AF84F24F4610600284CAC /* XCRemoteSwiftPackageReference "NotenikMkdown" */,
				9C4AF85224F4613300284CAC /* XCRemoteSwiftPackageReference "NotenikLib" */,
			);
			productRefGroup = 9C4AF82D24F4550F00284CAC /* Products */;
			projectDirPath = "";
			projectRoot = "";
			targets = (
				9C4AF82B24F4550F00284CAC /* NotenikSwiftUI */,
			);
		};
/* End PBXProject section */

/* Begin PBXResourcesBuildPhase section */
		9C4AF82A24F4550F00284CAC /* Resources */ = {
			isa = PBXResourcesBuildPhase;
			buildActionMask = 2147483647;
			files = (
				9C4AF83C24F4551200284CAC /* LaunchScreen.storyboard in Resources */,
				9C4AF83924F4551200284CAC /* Preview Assets.xcassets in Resources */,
				9C4AF83624F4551200284CAC /* Assets.xcassets in Resources */,
			);
			runOnlyForDeploymentPostprocessing = 0;
		};
/* End PBXResourcesBuildPhase section */

/* Begin PBXSourcesBuildPhase section */
		9C4AF82824F4550F00284CAC /* Sources */ = {
			isa = PBXSourcesBuildPhase;
			buildActionMask = 2147483647;
			files = (
				9C4AF83024F4550F00284CAC /* AppDelegate.swift in Sources */,
				9C4AF83224F4550F00284CAC /* SceneDelegate.swift in Sources */,
				9C4AF83424F4550F00284CAC /* ContentView.swift in Sources */,
			);
			runOnlyForDeploymentPostprocessing = 0;
		};
/* End PBXSourcesBuildPhase section */

/* Begin PBXVariantGroup section */
		9C4AF83A24F4551200284CAC /* LaunchScreen.storyboard */ = {
			isa = PBXVariantGroup;
			children = (
				9C4AF83B24F4551200284CAC /* Base */,
			);
			name = LaunchScreen.storyboard;
			sourceTree = "<group>";
		};
/* End PBXVariantGroup section */

/* Begin XCBuildConfiguration section */
		9C4AF83E24F4551200284CAC /* Debug */ = {
			isa = XCBuildConfiguration;
			buildSettings = {
				ALWAYS_SEARCH_USER_PATHS = NO;
				CLANG_ANALYZER_NONNULL = YES;
				CLANG_ANALYZER_NUMBER_OBJECT_CONVERSION = YES_AGGRESSIVE;
				CLANG_CXX_LANGUAGE_STANDARD = "gnu++14";
				CLANG_CXX_LIBRARY = "libc++";
				CLANG_ENABLE_MODULES = YES;
				CLANG_ENABLE_OBJC_ARC = YES;
				CLANG_ENABLE_OBJC_WEAK = YES;
				CLANG_WARN_BLOCK_CAPTURE_AUTORELEASING = YES;
				CLANG_WARN_BOOL_CONVERSION = YES;
				CLANG_WARN_COMMA = YES;
				CLANG_WARN_CONSTANT_CONVERSION = YES;
				CLANG_WARN_DEPRECATED_OBJC_IMPLEMENTATIONS = YES;
				CLANG_WARN_DIRECT_OBJC_ISA_USAGE = YES_ERROR;
				CLANG_WARN_DOCUMENTATION_COMMENTS = YES;
				CLANG_WARN_EMPTY_BODY = YES;
				CLANG_WARN_ENUM_CONVERSION = YES;
				CLANG_WARN_INFINITE_RECURSION = YES;
				CLANG_WARN_INT_CONVERSION = YES;
				CLANG_WARN_NON_LITERAL_NULL_CONVERSION = YES;
				CLANG_WARN_OBJC_IMPLICIT_RETAIN_SELF = YES;
				CLANG_WARN_OBJC_LITERAL_CONVERSION = YES;
				CLANG_WARN_OBJC_ROOT_CLASS = YES_ERROR;
				CLANG_WARN_RANGE_LOOP_ANALYSIS = YES;
				CLANG_WARN_STRICT_PROTOTYPES = YES;
				CLANG_WARN_SUSPICIOUS_MOVE = YES;
				CLANG_WARN_UNGUARDED_AVAILABILITY = YES_AGGRESSIVE;
				CLANG_WARN_UNREACHABLE_CODE = YES;
				CLANG_WARN__DUPLICATE_METHOD_MATCH = YES;
				COPY_PHASE_STRIP = NO;
				DEBUG_INFORMATION_FORMAT = dwarf;
				ENABLE_STRICT_OBJC_MSGSEND = YES;
				ENABLE_TESTABILITY = YES;
				GCC_C_LANGUAGE_STANDARD = gnu11;
				GCC_DYNAMIC_NO_PIC = NO;
				GCC_NO_COMMON_BLOCKS = YES;
				GCC_OPTIMIZATION_LEVEL = 0;
				GCC_PREPROCESSOR_DEFINITIONS = (
					"DEBUG=1",
					"$(inherited)",
				);
				GCC_WARN_64_TO_32_BIT_CONVERSION = YES;
				GCC_WARN_ABOUT_RETURN_TYPE = YES_ERROR;
				GCC_WARN_UNDECLARED_SELECTOR = YES;
				GCC_WARN_UNINITIALIZED_AUTOS = YES_AGGRESSIVE;
				GCC_WARN_UNUSED_FUNCTION = YES;
				GCC_WARN_UNUSED_VARIABLE = YES;
				IPHONEOS_DEPLOYMENT_TARGET = 13.6;
				MTL_ENABLE_DEBUG_INFO = INCLUDE_SOURCE;
				MTL_FAST_MATH = YES;
				ONLY_ACTIVE_ARCH = YES;
				SDKROOT = iphoneos;
				SWIFT_ACTIVE_COMPILATION_CONDITIONS = DEBUG;
				SWIFT_OPTIMIZATION_LEVEL = "-Onone";
			};
			name = Debug;
		};
		9C4AF83F24F4551200284CAC /* Release */ = {
			isa = XCBuildConfiguration;
			buildSettings = {
				ALWAYS_SEARCH_USER_PATHS = NO;
				CLANG_ANALYZER_NONNULL = YES;
				CLANG_ANALYZER_NUMBER_OBJECT_CONVERSION = YES_AGGRESSIVE;
				CLANG_CXX_LANGUAGE_STANDARD = "gnu++14";
				CLANG_CXX_LIBRARY = "libc++";
				CLANG_ENABLE_MODULES = YES;
				CLANG_ENABLE_OBJC_ARC = YES;
				CLANG_ENABLE_OBJC_WEAK = YES;
				CLANG_WARN_BLOCK_CAPTURE_AUTORELEASING = YES;
				CLANG_WARN_BOOL_CONVERSION = YES;
				CLANG_WARN_COMMA = YES;
				CLANG_WARN_CONSTANT_CONVERSION = YES;
				CLANG_WARN_DEPRECATED_OBJC_IMPLEMENTATIONS = YES;
				CLANG_WARN_DIRECT_OBJC_ISA_USAGE = YES_ERROR;
				CLANG_WARN_DOCUMENTATION_COMMENTS = YES;
				CLANG_WARN_EMPTY_BODY = YES;
				CLANG_WARN_ENUM_CONVERSION = YES;
				CLANG_WARN_INFINITE_RECURSION = YES;
				CLANG_WARN_INT_CONVERSION = YES;
				CLANG_WARN_NON_LITERAL_NULL_CONVERSION = YES;
				CLANG_WARN_OBJC_IMPLICIT_RETAIN_SELF = YES;
				CLANG_WARN_OBJC_LITERAL_CONVERSION = YES;
				CLANG_WARN_OBJC_ROOT_CLASS = YES_ERROR;
				CLANG_WARN_RANGE_LOOP_ANALYSIS = YES;
				CLANG_WARN_STRICT_PROTOTYPES = YES;
				CLANG_WARN_SUSPICIOUS_MOVE = YES;
				CLANG_WARN_UNGUARDED_AVAILABILITY = YES_AGGRESSIVE;
				CLANG_WARN_UNREACHABLE_CODE = YES;
				CLANG_WARN__DUPLICATE_METHOD_MATCH = YES;
				COPY_PHASE_STRIP = NO;
				DEBUG_INFORMATION_FORMAT = "dwarf-with-dsym";
				ENABLE_NS_ASSERTIONS = NO;
				ENABLE_STRICT_OBJC_MSGSEND = YES;
				GCC_C_LANGUAGE_STANDARD = gnu11;
				GCC_NO_COMMON_BLOCKS = YES;
				GCC_WARN_64_TO_32_BIT_CONVERSION = YES;
				GCC_WARN_ABOUT_RETURN_TYPE = YES_ERROR;
				GCC_WARN_UNDECLARED_SELECTOR = YES;
				GCC_WARN_UNINITIALIZED_AUTOS = YES_AGGRESSIVE;
				GCC_WARN_UNUSED_FUNCTION = YES;
				GCC_WARN_UNUSED_VARIABLE = YES;
				IPHONEOS_DEPLOYMENT_TARGET = 13.6;
				MTL_ENABLE_DEBUG_INFO = NO;
				MTL_FAST_MATH = YES;
				SDKROOT = iphoneos;
				SWIFT_COMPILATION_MODE = wholemodule;
				SWIFT_OPTIMIZATION_LEVEL = "-O";
				VALIDATE_PRODUCT = YES;
			};
			name = Release;
		};
		9C4AF84124F4551200284CAC /* Debug */ = {
			isa = XCBuildConfiguration;
			buildSettings = {
				ASSETCATALOG_COMPILER_APPICON_NAME = AppIcon;
				CODE_SIGN_STYLE = Automatic;
				DEVELOPMENT_ASSET_PATHS = "\"NotenikSwiftUI/Preview Content\"";
				DEVELOPMENT_TEAM = W3CJLBABN3;
				ENABLE_PREVIEWS = YES;
				INFOPLIST_FILE = NotenikSwiftUI/Info.plist;
				LD_RUNPATH_SEARCH_PATHS = (
					"$(inherited)",
					"@executable_path/Frameworks",
				);
				PRODUCT_BUNDLE_IDENTIFIER = com.powersurgepub.NotenikSwiftUI;
				PRODUCT_NAME = "$(TARGET_NAME)";
				SWIFT_VERSION = 5.0;
				TARGETED_DEVICE_FAMILY = "1,2";
			};
			name = Debug;
		};
		9C4AF84224F4551200284CAC /* Release */ = {
			isa = XCBuildConfiguration;
			buildSettings = {
				ASSETCATALOG_COMPILER_APPICON_NAME = AppIcon;
				CODE_SIGN_STYLE = Automatic;
				DEVELOPMENT_ASSET_PATHS = "\"NotenikSwiftUI/Preview Content\"";
				DEVELOPMENT_TEAM = W3CJLBABN3;
				ENABLE_PREVIEWS = YES;
				INFOPLIST_FILE = NotenikSwiftUI/Info.plist;
				LD_RUNPATH_SEARCH_PATHS = (
					"$(inherited)",
					"@executable_path/Frameworks",
				);
				PRODUCT_BUNDLE_IDENTIFIER = com.powersurgepub.NotenikSwiftUI;
				PRODUCT_NAME = "$(TARGET_NAME)";
				SWIFT_VERSION = 5.0;
				TARGETED_DEVICE_FAMILY = "1,2";
			};
			name = Release;
		};
/* End XCBuildConfiguration section */

/* Begin XCConfigurationList section */
		9C4AF82724F4550F00284CAC /* Build configuration list for PBXProject "NotenikSwiftUI" */ = {
			isa = XCConfigurationList;
			buildConfigurations = (
				9C4AF83E24F4551200284CAC /* Debug */,
				9C4AF83F24F4551200284CAC /* Release */,
			);
			defaultConfigurationIsVisible = 0;
			defaultConfigurationName = Release;
		};
		9C4AF84024F4551200284CAC /* Build configuration list for PBXNativeTarget "NotenikSwiftUI" */ = {
			isa = XCConfigurationList;
			buildConfigurations = (
				9C4AF84124F4551200284CAC /* Debug */,
				9C4AF84224F4551200284CAC /* Release */,
			);
			defaultConfigurationIsVisible = 0;
			defaultConfigurationName = Release;
		};
/* End XCConfigurationList section */

/* Begin XCRemoteSwiftPackageReference section */
		9C4AF84324F4607C00284CAC /* XCRemoteSwiftPackageReference "Down" */ = {
			isa = XCRemoteSwiftPackageReference;
			repositoryURL = "https://github.com/iwasrobbed/Down.git";
			requirement = {
				kind = upToNextMajorVersion;
				minimumVersion = 0.9.3;
			};
		};
		9C4AF84624F460A400284CAC /* XCRemoteSwiftPackageReference "Ink" */ = {
			isa = XCRemoteSwiftPackageReference;
			repositoryURL = "https://github.com/JohnSundell/Ink.git";
			requirement = {
				kind = upToNextMajorVersion;
				minimumVersion = 0.5.0;
			};
		};
		9C4AF84924F460C000284CAC /* XCRemoteSwiftPackageReference "NotenikUtils" */ = {
			isa = XCRemoteSwiftPackageReference;
			repositoryURL = "https://github.com/hbowie/NotenikUtils.git";
			requirement = {
				kind = upToNextMajorVersion;
				minimumVersion = 0.3.5;
			};
		};
		9C4AF84C24F460E500284CAC /* XCRemoteSwiftPackageReference "NotenikTextile" */ = {
			isa = XCRemoteSwiftPackageReference;
			repositoryURL = "https://github.com/hbowie/NotenikTextile.git";
			requirement = {
				kind = upToNextMajorVersion;
				minimumVersion = 0.1.1;
			};
		};
		9C4AF84F24F4610600284CAC /* XCRemoteSwiftPackageReference "NotenikMkdown" */ = {
			isa = XCRemoteSwiftPackageReference;
			repositoryURL = "https://github.com/hbowie/NotenikMkdown.git";
			requirement = {
				kind = upToNextMajorVersion;
				minimumVersion = 0.2.0;
			};
		};
		9C4AF85224F4613300284CAC /* XCRemoteSwiftPackageReference "NotenikLib" */ = {
			isa = XCRemoteSwiftPackageReference;
			repositoryURL = "https://github.com/hbowie/NotenikLib.git";
			requirement = {
				kind = upToNextMajorVersion;
				minimumVersion = 0.4.3;
			};
		};
/* End XCRemoteSwiftPackageReference section */

/* Begin XCSwiftPackageProductDependency section */
		9C4AF84424F4607C00284CAC /* Down */ = {
			isa = XCSwiftPackageProductDependency;
			package = 9C4AF84324F4607C00284CAC /* XCRemoteSwiftPackageReference "Down" */;
			productName = Down;
		};
		9C4AF84724F460A400284CAC /* Ink */ = {
			isa = XCSwiftPackageProductDependency;
			package = 9C4AF84624F460A400284CAC /* XCRemoteSwiftPackageReference "Ink" */;
			productName = Ink;
		};
		9C4AF84A24F460C000284CAC /* NotenikUtils */ = {
			isa = XCSwiftPackageProductDependency;
			package = 9C4AF84924F460C000284CAC /* XCRemoteSwiftPackageReference "NotenikUtils" */;
			productName = NotenikUtils;
		};
		9C4AF84D24F460E500284CAC /* NotenikTextile */ = {
			isa = XCSwiftPackageProductDependency;
			package = 9C4AF84C24F460E500284CAC /* XCRemoteSwiftPackageReference "NotenikTextile" */;
			productName = NotenikTextile;
		};
		9C4AF85024F4610600284CAC /* NotenikMkdown */ = {
			isa = XCSwiftPackageProductDependency;
			package = 9C4AF84F24F4610600284CAC /* XCRemoteSwiftPackageReference "NotenikMkdown" */;
			productName = NotenikMkdown;
		};
		9C4AF85324F4613300284CAC /* NotenikLib */ = {
			isa = XCSwiftPackageProductDependency;
			package = 9C4AF85224F4613300284CAC /* XCRemoteSwiftPackageReference "NotenikLib" */;
			productName = NotenikLib;
		};
/* End XCSwiftPackageProductDependency section */
	};
	rootObject = 9C4AF82424F4550F00284CAC /* Project object */;
}
